
Microsoft Visual Studio Solution File, Format Version 12.00
# Visual Studio Version 17
VisualStudioVersion = 17.3.32929.385
MinimumVisualStudioVersion = 10.0.40219.1
Project("{FAE04EC0-301F-11D3-BF4B-00C04F79EFBC}") = "OrvosiNobeldijasokGUI", "OrvosiNobeldijasokGUI\OrvosiNobeldijasokGUI.csproj", "{F7DC334B-3445-4FF0-BFB2-4C84CFDCA657}"
EndProject
Global
	GlobalSection(SolutionConfigurationPlatforms) = preSolution
		Debug|Any CPU = Debug|Any CPU
		Release|Any CPU = Release|Any CPU
	EndGlobalSection
	GlobalSection(ProjectConfigurationPlatforms) = postSolution
		{F7DC334B-3445-4FF0-BFB2-4C84CFDCA657}.Debug|Any CPU.ActiveCfg = Debug|Any CPU
		{F7DC334B-3445-4FF0-BFB2-4C84CFDCA657}.Debug|Any CPU.Build.0 = Debug|Any CPU
		{F7DC334B-3445-4FF0-BFB2-4C84CFDCA657}.Release|Any CPU.ActiveCfg = Release|Any CPU
		{F7DC334B-3445-4FF0-BFB2-4C84CFDCA657}.Release|Any CPU.Build.0 = Release|Any CPU
	EndGlobalSection
	GlobalSection(SolutionProperties) = preSolution
		HideSolutionNode = FALSE
	EndGlobalSection
	GlobalSection(ExtensibilityGlobals) = postSolution
		SolutionGuid = {4A64CADA-CF84-4FAC-AC3A-E0D48366B881}
	EndGlobalSection
EndGlobal
